<?xml version="1.0" encoding="utf-8"?>
<Project ToolsVersion="4.0" xmlns="http://schemas.microsoft.com/developer/msbuild/2003">
  <ItemGroup>
    <Filter Include="headers">
      <UniqueIdentifier>{93995380-89BD-4b04-88EB-625FBE52EBFB}</UniqueIdentifier>
      <Extensions>h;hh;hpp;hxx;hm;inl;inc;xsd</Extensions>
    </Filter>
    <Filter Include="headers\lang">
      <UniqueIdentifier>{4e555216-75a7-4964-bc19-ab693157527f}</UniqueIdentifier>
    </Filter>
    <Filter Include="sources">
      <UniqueIdentifier>{4FC737F1-C7A5-4376-A066-2A32D752A2FF}</UniqueIdentifier>
      <Extensions>cpp;c;cc;cxx;def;odl;idl;hpj;bat;asm;asmx</Extensions>
    </Filter>
    <Filter Include="resources">
      <UniqueIdentifier>{67DA6AB6-F800-4c08-8B7A-83BB121AAD01}</UniqueIdentifier>
      <Extensions>rc;ico;cur;bmp;dlg;rc2;rct;bin;rgs;gif;jpg;jpeg;jpe;resx;tiff;tif;png;wav;mfcribbon-ms</Extensions>
    </Filter>
    <Filter Include="headers\utils">
      <UniqueIdentifier>{9fddac0a-6f94-4a00-b3bd-aaf5a9c308f6}</UniqueIdentifier>
    </Filter>
    <Filter Include="headers\parser">
      <UniqueIdentifier>{b660a1c5-47d9-4d28-9401-765dc1057cec}</UniqueIdentifier>
    </Filter>
    <Filter Include="headers\utils\string">
      <UniqueIdentifier>{d28e266b-454e-4558-91b8-7e81fded2d07}</UniqueIdentifier>
    </Filter>
    <Filter Include="headers\vm">
      <UniqueIdentifier>{349f6db5-a5d3-42a3-b908-a7c7e8e72a5b}</UniqueIdentifier>
    </Filter>
  </ItemGroup>
  <ItemGroup>
    <ClCompile Include="main.cpp">
      <Filter>sources</Filter>
    </ClCompile>
  </ItemGroup>
  <ItemGroup>
    <ClInclude Include="include\cym\CymBase.hpp">
      <Filter>headers</Filter>
    </ClInclude>
    <ClInclude Include="include\cym\utils\CymDoubleKeyMap.hpp">
      <Filter>headers\utils</Filter>
    </ClInclude>
    <ClInclude Include="include\cym\utils\CymHandStack.hpp">
      <Filter>headers\utils</Filter>
    </ClInclude>
    <ClInclude Include="include\cym\utils\CymNumConverter.hpp">
      <Filter>headers\utils</Filter>
    </ClInclude>
    <ClInclude Include="include\cym\utils\CymStack.hpp">
      <Filter>headers\utils</Filter>
    </ClInclude>
    <ClInclude Include="include\cym\utils\CymTCPair.hpp">
      <Filter>headers\utils</Filter>
    </ClInclude>
    <ClInclude Include="include\cym\utils\CymTree.hpp">
      <Filter>headers\utils</Filter>
    </ClInclude>
    <ClInclude Include="include\cym\utils\CymVector.hpp">
      <Filter>headers\utils</Filter>
    </ClInclude>
    <ClInclude Include="include\cym\utils\string\CymMultiByteChar.hpp">
      <Filter>headers\utils\string</Filter>
    </ClInclude>
    <ClInclude Include="include\cym\utils\string\CymShiftJisString.hpp">
      <Filter>headers\utils\string</Filter>
    </ClInclude>
    <ClInclude Include="include\cym\utils\string\CymStringConverter.hpp">
      <Filter>headers\utils\string</Filter>
    </ClInclude>
    <ClInclude Include="include\cym\utils\string\CymU8String.hpp">
      <Filter>headers\utils\string</Filter>
    </ClInclude>
    <ClInclude Include="include\cym\Cym.hpp">
      <Filter>headers</Filter>
    </ClInclude>
    <ClInclude Include="include\cym\lang\CymIntermediateCodeGenerator.hpp">
      <Filter>headers\lang</Filter>
    </ClInclude>
    <ClInclude Include="include\cym\lang\CymEmbodiedCodeGentrator.hpp">
      <Filter>headers\lang</Filter>
    </ClInclude>
    <ClInclude Include="include\cym\vm\CymVM.hpp">
      <Filter>headers\vm</Filter>
    </ClInclude>
    <ClInclude Include="include\cym\lang\CymRestriction.hpp">
      <Filter>headers\lang</Filter>
    </ClInclude>
    <ClInclude Include="include\cym\parser\CymParser.hpp">
      <Filter>headers\parser</Filter>
    </ClInclude>
    <ClInclude Include="include\cym\lang\CymAST.hpp">
      <Filter>headers\lang</Filter>
    </ClInclude>
    <ClInclude Include="include\cym\lang\CymInstancedType.hpp">
      <Filter>headers\lang</Filter>
    </ClInclude>
    <ClInclude Include="include\cym\utils\CymForwardIndexMap.hpp">
      <Filter>headers\utils</Filter>
    </ClInclude>
    <ClInclude Include="include\cym\parser\CymLexer.hpp">
      <Filter>headers\parser</Filter>
    </ClInclude>
  </ItemGroup>
  <ItemGroup>
    <None Include="test.cym">
      <Filter>headers</Filter>
    </None>
    <None Include="infix-operators.cymi">
      <Filter>headers</Filter>
    </None>
  </ItemGroup>
</Project>